
Microsoft Visual Studio Solution File, Format Version 12.00
# Visual Studio 15
VisualStudioVersion = 15.0.28010.2019
MinimumVisualStudioVersion = 10.0.40219.1
Project("{FAE04EC0-301F-11D3-BF4B-00C04F79EFBC}") = "ConsoleSerialPort", "ConsoleSerialPort\ConsoleSerialPort.csproj", "{C665ED0C-3440-4458-937F-7D7A610AEB5B}"
EndProject
Global
	GlobalSection(SolutionConfigurationPlatforms) = preSolution
		Debug|Any CPU = Debug|Any CPU
		Release|Any CPU = Release|Any CPU
	EndGlobalSection
	GlobalSection(ProjectConfigurationPlatforms) = postSolution
		{C665ED0C-3440-4458-937F-7D7A610AEB5B}.Debug|Any CPU.ActiveCfg = Debug|Any CPU
		{C665ED0C-3440-4458-937F-7D7A610AEB5B}.Debug|Any CPU.Build.0 = Debug|Any CPU
		{C665ED0C-3440-4458-937F-7D7A610AEB5B}.Release|Any CPU.ActiveCfg = Release|Any CPU
		{C665ED0C-3440-4458-937F-7D7A610AEB5B}.Release|Any CPU.Build.0 = Release|Any CPU
	EndGlobalSection
	GlobalSection(SolutionProperties) = preSolution
		HideSolutionNode = FALSE
	EndGlobalSection
	GlobalSection(ExtensibilityGlobals) = postSolution
		SolutionGuid = {95146892-3C15-4078-A587-C51FC3E3197C}
	EndGlobalSection
EndGlobal
